// !$*UTF8*$!
{
	archiveVersion = 1;
	classes = {
	};
	objectVersion = 56;
	objects = {

/* Begin PBXBuildFile section */
		A515B2CA2BE3892A00B896E5 /* ViewBuilder.swift in Sources */ = {isa = PBXBuildFile; fileRef = A515B2C92BE3892A00B896E5 /* ViewBuilder.swift */; };
		A515B2CC2BE750DC00B896E5 /* SettingsViewController.swift in Sources */ = {isa = PBXBuildFile; fileRef = A515B2CB2BE750DC00B896E5 /* SettingsViewController.swift */; };
		A5AB4FAC2B09DB8C00FA932A /* CardViewFactory.swift in Sources */ = {isa = PBXBuildFile; fileRef = A5AB4FAB2B09DB8C00FA932A /* CardViewFactory.swift */; };
		A5C1EEF42ACE802900499793 /* AppDelegate.swift in Sources */ = {isa = PBXBuildFile; fileRef = A5C1EEF32ACE802900499793 /* AppDelegate.swift */; };
		A5C1EEF62ACE802900499793 /* SceneDelegate.swift in Sources */ = {isa = PBXBuildFile; fileRef = A5C1EEF52ACE802900499793 /* SceneDelegate.swift */; };
		A5C1EEFD2ACE802A00499793 /* Assets.xcassets in Resources */ = {isa = PBXBuildFile; fileRef = A5C1EEFC2ACE802A00499793 /* Assets.xcassets */; };
		A5C1EF002ACE802A00499793 /* LaunchScreen.storyboard in Resources */ = {isa = PBXBuildFile; fileRef = A5C1EEFE2ACE802A00499793 /* LaunchScreen.storyboard */; };
		A5F0CD1A2AFFCB7B0081C38B /* Shapes.swift in Sources */ = {isa = PBXBuildFile; fileRef = A5F0CD192AFFCB7B0081C38B /* Shapes.swift */; };
		A5F0CD1C2AFFCB8E0081C38B /* Cards.swift in Sources */ = {isa = PBXBuildFile; fileRef = A5F0CD1B2AFFCB8E0081C38B /* Cards.swift */; };
		A5F0CD242B00A75F0081C38B /* BoardGameController.swift in Sources */ = {isa = PBXBuildFile; fileRef = A5F0CD232B00A75F0081C38B /* BoardGameController.swift */; };
		A5F0CD272B00AA190081C38B /* Card.swift in Sources */ = {isa = PBXBuildFile; fileRef = A5F0CD262B00AA190081C38B /* Card.swift */; };
		A5F0CD292B00AF470081C38B /* Game.swift in Sources */ = {isa = PBXBuildFile; fileRef = A5F0CD282B00AF470081C38B /* Game.swift */; };
		A5F465072B78DF2F00889E36 /* WelcomeViewController.swift in Sources */ = {isa = PBXBuildFile; fileRef = A5F465062B78DF2F00889E36 /* WelcomeViewController.swift */; };
/* End PBXBuildFile section */

/* Begin PBXFileReference section */
		A515B2C92BE3892A00B896E5 /* ViewBuilder.swift */ = {isa = PBXFileReference; lastKnownFileType = sourcecode.swift; path = ViewBuilder.swift; sourceTree = "<group>"; };
		A515B2CB2BE750DC00B896E5 /* SettingsViewController.swift */ = {isa = PBXFileReference; lastKnownFileType = sourcecode.swift; path = SettingsViewController.swift; sourceTree = "<group>"; };
		A52547F82ADFA91400EA2502 /* View.playground */ = {isa = PBXFileReference; lastKnownFileType = file.playground; path = View.playground; sourceTree = "<group>"; xcLanguageSpecificationIdentifier = xcode.lang.swift; };
		A58085962B6239A0008D8E5D /* ShapeLayer.playground */ = {isa = PBXFileReference; lastKnownFileType = file.playground; path = ShapeLayer.playground; sourceTree = "<group>"; xcLanguageSpecificationIdentifier = xcode.lang.swift; };
		A590A2D32B6793C800DDA386 /* BoardGame.playground */ = {isa = PBXFileReference; lastKnownFileType = file.playground; path = BoardGame.playground; sourceTree = "<group>"; xcLanguageSpecificationIdentifier = xcode.lang.swift; };
		A5AB4FAB2B09DB8C00FA932A /* CardViewFactory.swift */ = {isa = PBXFileReference; lastKnownFileType = sourcecode.swift; path = CardViewFactory.swift; sourceTree = "<group>"; };
		A5BD4B9A2AD7CBAA00510E98 /* BezierExperiments.playground */ = {isa = PBXFileReference; lastKnownFileType = file.playground; path = BezierExperiments.playground; sourceTree = "<group>"; xcLanguageSpecificationIdentifier = xcode.lang.swift; };
		A5C1EEF02ACE802900499793 /* Cards.app */ = {isa = PBXFileReference; explicitFileType = wrapper.application; includeInIndex = 0; path = Cards.app; sourceTree = BUILT_PRODUCTS_DIR; };
		A5C1EEF32ACE802900499793 /* AppDelegate.swift */ = {isa = PBXFileReference; lastKnownFileType = sourcecode.swift; path = AppDelegate.swift; sourceTree = "<group>"; };
		A5C1EEF52ACE802900499793 /* SceneDelegate.swift */ = {isa = PBXFileReference; lastKnownFileType = sourcecode.swift; path = SceneDelegate.swift; sourceTree = "<group>"; };
		A5C1EEFC2ACE802A00499793 /* Assets.xcassets */ = {isa = PBXFileReference; lastKnownFileType = folder.assetcatalog; path = Assets.xcassets; sourceTree = "<group>"; };
		A5C1EEFF2ACE802A00499793 /* Base */ = {isa = PBXFileReference; lastKnownFileType = file.storyboard; name = Base; path = Base.lproj/LaunchScreen.storyboard; sourceTree = "<group>"; };
		A5C1EF012ACE802A00499793 /* Info.plist */ = {isa = PBXFileReference; lastKnownFileType = text.plist.xml; path = Info.plist; sourceTree = "<group>"; };
		A5C1EF072ACE808400499793 /* ViewExperiments.playground */ = {isa = PBXFileReference; lastKnownFileType = file.playground; path = ViewExperiments.playground; sourceTree = "<group>"; xcLanguageSpecificationIdentifier = xcode.lang.swift; };
		A5F0CD192AFFCB7B0081C38B /* Shapes.swift */ = {isa = PBXFileReference; lastKnownFileType = sourcecode.swift; path = Shapes.swift; sourceTree = "<group>"; };
		A5F0CD1B2AFFCB8E0081C38B /* Cards.swift */ = {isa = PBXFileReference; lastKnownFileType = sourcecode.swift; path = Cards.swift; sourceTree = "<group>"; };
		A5F0CD232B00A75F0081C38B /* BoardGameController.swift */ = {isa = PBXFileReference; lastKnownFileType = sourcecode.swift; path = BoardGameController.swift; sourceTree = "<group>"; };
		A5F0CD262B00AA190081C38B /* Card.swift */ = {isa = PBXFileReference; lastKnownFileType = sourcecode.swift; path = Card.swift; sourceTree = "<group>"; };
		A5F0CD282B00AF470081C38B /* Game.swift */ = {isa = PBXFileReference; lastKnownFileType = sourcecode.swift; path = Game.swift; sourceTree = "<group>"; };
		A5F465062B78DF2F00889E36 /* WelcomeViewController.swift */ = {isa = PBXFileReference; lastKnownFileType = sourcecode.swift; path = WelcomeViewController.swift; sourceTree = "<group>"; };
/* End PBXFileReference section */

/* Begin PBXFrameworksBuildPhase section */
		A5C1EEED2ACE802900499793 /* Frameworks */ = {
			isa = PBXFrameworksBuildPhase;
			buildActionMask = 2147483647;
			files = (
			);
			runOnlyForDeploymentPostprocessing = 0;
		};
/* End PBXFrameworksBuildPhase section */

/* Begin PBXGroup section */
		A5AB4FAA2B09DB3D00FA932A /* Helpers */ = {
			isa = PBXGroup;
			children = (
				A5AB4FAB2B09DB8C00FA932A /* CardViewFactory.swift */,
			);
			path = Helpers;
			sourceTree = "<group>";
		};
		A5C1EEE72ACE802900499793 = {
			isa = PBXGroup;
			children = (
				A5AB4FAA2B09DB3D00FA932A /* Helpers */,
				A5F0CD252B00A8540081C38B /* Model */,
				A5F0CD1E2B00A62C0081C38B /* Controller */,
				A5F0CD182AFFCB3E0081C38B /* View */,
				A5C1EEF22ACE802900499793 /* Cards */,
				A5C1EEF12ACE802900499793 /* Products */,
			);
			sourceTree = "<group>";
		};
		A5C1EEF12ACE802900499793 /* Products */ = {
			isa = PBXGroup;
			children = (
				A5C1EEF02ACE802900499793 /* Cards.app */,
			);
			name = Products;
			sourceTree = "<group>";
		};
		A5C1EEF22ACE802900499793 /* Cards */ = {
			isa = PBXGroup;
			children = (
				A5C1EEF32ACE802900499793 /* AppDelegate.swift */,
				A5C1EEF52ACE802900499793 /* SceneDelegate.swift */,
				A5C1EEFC2ACE802A00499793 /* Assets.xcassets */,
				A5C1EF012ACE802A00499793 /* Info.plist */,
				A52547F82ADFA91400EA2502 /* View.playground */,
				A5C1EF072ACE808400499793 /* ViewExperiments.playground */,
				A5BD4B9A2AD7CBAA00510E98 /* BezierExperiments.playground */,
				A58085962B6239A0008D8E5D /* ShapeLayer.playground */,
				A590A2D32B6793C800DDA386 /* BoardGame.playground */,
			);
			path = Cards;
			sourceTree = "<group>";
		};
		A5F0CD182AFFCB3E0081C38B /* View */ = {
			isa = PBXGroup;
			children = (
				A5F0CD192AFFCB7B0081C38B /* Shapes.swift */,
				A5F0CD1B2AFFCB8E0081C38B /* Cards.swift */,
				A515B2C92BE3892A00B896E5 /* ViewBuilder.swift */,
				A5F0CD1D2AFFCE510081C38B /* Storyboards */,
			);
			path = View;
			sourceTree = "<group>";
		};
		A5F0CD1D2AFFCE510081C38B /* Storyboards */ = {
			isa = PBXGroup;
			children = (
				A5C1EEFE2ACE802A00499793 /* LaunchScreen.storyboard */,
			);
			path = Storyboards;
			sourceTree = "<group>";
		};
		A5F0CD1E2B00A62C0081C38B /* Controller */ = {
			isa = PBXGroup;
			children = (
				A5F0CD232B00A75F0081C38B /* BoardGameController.swift */,
				A5F465062B78DF2F00889E36 /* WelcomeViewController.swift */,
				A515B2CB2BE750DC00B896E5 /* SettingsViewController.swift */,
			);
			path = Controller;
			sourceTree = "<group>";
		};
		A5F0CD252B00A8540081C38B /* Model */ = {
			isa = PBXGroup;
			children = (
				A5F0CD262B00AA190081C38B /* Card.swift */,
				A5F0CD282B00AF470081C38B /* Game.swift */,
			);
			path = Model;
			sourceTree = "<group>";
		};
/* End PBXGroup section */

/* Begin PBXNativeTarget section */
		A5C1EEEF2ACE802900499793 /* Cards */ = {
			isa = PBXNativeTarget;
			buildConfigurationList = A5C1EF042ACE802A00499793 /* Build configuration list for PBXNativeTarget "Cards" */;
			buildPhases = (
				A5C1EEEC2ACE802900499793 /* Sources */,
				A5C1EEED2ACE802900499793 /* Frameworks */,
				A5C1EEEE2ACE802900499793 /* Resources */,
			);
			buildRules = (
			);
			dependencies = (
			);
			name = Cards;
			productName = Cards;
			productReference = A5C1EEF02ACE802900499793 /* Cards.app */;
			productType = "com.apple.product-type.application";
		};
/* End PBXNativeTarget section */

/* Begin PBXProject section */
		A5C1EEE82ACE802900499793 /* Project object */ = {
			isa = PBXProject;
			attributes = {
				BuildIndependentTargetsInParallel = 1;
				LastSwiftUpdateCheck = 1430;
				LastUpgradeCheck = 1430;
				TargetAttributes = {
					A5C1EEEF2ACE802900499793 = {
						CreatedOnToolsVersion = 14.3;
					};
				};
			};
			buildConfigurationList = A5C1EEEB2ACE802900499793 /* Build configuration list for PBXProject "Cards" */;
			compatibilityVersion = "Xcode 14.0";
			developmentRegion = en;
			hasScannedForEncodings = 0;
			knownRegions = (
				en,
				Base,
			);
			mainGroup = A5C1EEE72ACE802900499793;
			productRefGroup = A5C1EEF12ACE802900499793 /* Products */;
			projectDirPath = "";
			projectRoot = "";
			targets = (
				A5C1EEEF2ACE802900499793 /* Cards */,
			);
		};
/* End PBXProject section */

/* Begin PBXResourcesBuildPhase section */
		A5C1EEEE2ACE802900499793 /* Resources */ = {
			isa = PBXResourcesBuildPhase;
			buildActionMask = 2147483647;
			files = (
				A5C1EF002ACE802A00499793 /* LaunchScreen.storyboard in Resources */,
				A5C1EEFD2ACE802A00499793 /* Assets.xcassets in Resources */,
			);
			runOnlyForDeploymentPostprocessing = 0;
		};
/* End PBXResourcesBuildPhase section */

/* Begin PBXSourcesBuildPhase section */
		A5C1EEEC2ACE802900499793 /* Sources */ = {
			isa = PBXSourcesBuildPhase;
			buildActionMask = 2147483647;
			files = (
				A5F0CD242B00A75F0081C38B /* BoardGameController.swift in Sources */,
				A5F0CD272B00AA190081C38B /* Card.swift in Sources */,
				A515B2CC2BE750DC00B896E5 /* SettingsViewController.swift in Sources */,
				A5F0CD292B00AF470081C38B /* Game.swift in Sources */,
				A5F465072B78DF2F00889E36 /* WelcomeViewController.swift in Sources */,
				A5F0CD1C2AFFCB8E0081C38B /* Cards.swift in Sources */,
				A5C1EEF42ACE802900499793 /* AppDelegate.swift in Sources */,
				A5AB4FAC2B09DB8C00FA932A /* CardViewFactory.swift in Sources */,
				A5C1EEF62ACE802900499793 /* SceneDelegate.swift in Sources */,
				A515B2CA2BE3892A00B896E5 /* ViewBuilder.swift in Sources */,
				A5F0CD1A2AFFCB7B0081C38B /* Shapes.swift in Sources */,
			);
			runOnlyForDeploymentPostprocessing = 0;
		};
/* End PBXSourcesBuildPhase section */

/* Begin PBXVariantGroup section */
		A5C1EEFE2ACE802A00499793 /* LaunchScreen.storyboard */ = {
			isa = PBXVariantGroup;
			children = (
				A5C1EEFF2ACE802A00499793 /* Base */,
			);
			name = LaunchScreen.storyboard;
			sourceTree = "<group>";
		};
/* End PBXVariantGroup section */

/* Begin XCBuildConfiguration section */
		A5C1EF022ACE802A00499793 /* Debug */ = {
			isa = XCBuildConfiguration;
			buildSettings = {
				ALWAYS_SEARCH_USER_PATHS = NO;
				CLANG_ANALYZER_NONNULL = YES;
				CLANG_ANALYZER_NUMBER_OBJECT_CONVERSION = YES_AGGRESSIVE;
				CLANG_CXX_LANGUAGE_STANDARD = "gnu++20";
				CLANG_ENABLE_MODULES = YES;
				CLANG_ENABLE_OBJC_ARC = YES;
				CLANG_ENABLE_OBJC_WEAK = YES;
				CLANG_WARN_BLOCK_CAPTURE_AUTORELEASING = YES;
				CLANG_WARN_BOOL_CONVERSION = YES;
				CLANG_WARN_COMMA = YES;
				CLANG_WARN_CONSTANT_CONVERSION = YES;
				CLANG_WARN_DEPRECATED_OBJC_IMPLEMENTATIONS = YES;
				CLANG_WARN_DIRECT_OBJC_ISA_USAGE = YES_ERROR;
				CLANG_WARN_DOCUMENTATION_COMMENTS = YES;
				CLANG_WARN_EMPTY_BODY = YES;
				CLANG_WARN_ENUM_CONVERSION = YES;
				CLANG_WARN_INFINITE_RECURSION = YES;
				CLANG_WARN_INT_CONVERSION = YES;
				CLANG_WARN_NON_LITERAL_NULL_CONVERSION = YES;
				CLANG_WARN_OBJC_IMPLICIT_RETAIN_SELF = YES;
				CLANG_WARN_OBJC_LITERAL_CONVERSION = YES;
				CLANG_WARN_OBJC_ROOT_CLASS = YES_ERROR;
				CLANG_WARN_QUOTED_INCLUDE_IN_FRAMEWORK_HEADER = YES;
				CLANG_WARN_RANGE_LOOP_ANALYSIS = YES;
				CLANG_WARN_STRICT_PROTOTYPES = YES;
				CLANG_WARN_SUSPICIOUS_MOVE = YES;
				CLANG_WARN_UNGUARDED_AVAILABILITY = YES_AGGRESSIVE;
				CLANG_WARN_UNREACHABLE_CODE = YES;
				CLANG_WARN__DUPLICATE_METHOD_MATCH = YES;
				COPY_PHASE_STRIP = NO;
				DEBUG_INFORMATION_FORMAT = dwarf;
				ENABLE_STRICT_OBJC_MSGSEND = YES;
				ENABLE_TESTABILITY = YES;
				GCC_C_LANGUAGE_STANDARD = gnu11;
				GCC_DYNAMIC_NO_PIC = NO;
				GCC_NO_COMMON_BLOCKS = YES;
				GCC_OPTIMIZATION_LEVEL = 0;
				GCC_PREPROCESSOR_DEFINITIONS = (
					"DEBUG=1",
					"$(inherited)",
				);
				GCC_WARN_64_TO_32_BIT_CONVERSION = YES;
				GCC_WARN_ABOUT_RETURN_TYPE = YES_ERROR;
				GCC_WARN_UNDECLARED_SELECTOR = YES;
				GCC_WARN_UNINITIALIZED_AUTOS = YES_AGGRESSIVE;
				GCC_WARN_UNUSED_FUNCTION = YES;
				GCC_WARN_UNUSED_VARIABLE = YES;
				IPHONEOS_DEPLOYMENT_TARGET = 16.4;
				MTL_ENABLE_DEBUG_INFO = INCLUDE_SOURCE;
				MTL_FAST_MATH = YES;
				ONLY_ACTIVE_ARCH = YES;
				SDKROOT = iphoneos;
				SWIFT_ACTIVE_COMPILATION_CONDITIONS = DEBUG;
				SWIFT_OPTIMIZATION_LEVEL = "-Onone";
			};
			name = Debug;
		};
		A5C1EF032ACE802A00499793 /* Release */ = {
			isa = XCBuildConfiguration;
			buildSettings = {
				ALWAYS_SEARCH_USER_PATHS = NO;
				CLANG_ANALYZER_NONNULL = YES;
				CLANG_ANALYZER_NUMBER_OBJECT_CONVERSION = YES_AGGRESSIVE;
				CLANG_CXX_LANGUAGE_STANDARD = "gnu++20";
				CLANG_ENABLE_MODULES = YES;
				CLANG_ENABLE_OBJC_ARC = YES;
				CLANG_ENABLE_OBJC_WEAK = YES;
				CLANG_WARN_BLOCK_CAPTURE_AUTORELEASING = YES;
				CLANG_WARN_BOOL_CONVERSION = YES;
				CLANG_WARN_COMMA = YES;
				CLANG_WARN_CONSTANT_CONVERSION = YES;
				CLANG_WARN_DEPRECATED_OBJC_IMPLEMENTATIONS = YES;
				CLANG_WARN_DIRECT_OBJC_ISA_USAGE = YES_ERROR;
				CLANG_WARN_DOCUMENTATION_COMMENTS = YES;
				CLANG_WARN_EMPTY_BODY = YES;
				CLANG_WARN_ENUM_CONVERSION = YES;
				CLANG_WARN_INFINITE_RECURSION = YES;
				CLANG_WARN_INT_CONVERSION = YES;
				CLANG_WARN_NON_LITERAL_NULL_CONVERSION = YES;
				CLANG_WARN_OBJC_IMPLICIT_RETAIN_SELF = YES;
				CLANG_WARN_OBJC_LITERAL_CONVERSION = YES;
				CLANG_WARN_OBJC_ROOT_CLASS = YES_ERROR;
				CLANG_WARN_QUOTED_INCLUDE_IN_FRAMEWORK_HEADER = YES;
				CLANG_WARN_RANGE_LOOP_ANALYSIS = YES;
				CLANG_WARN_STRICT_PROTOTYPES = YES;
				CLANG_WARN_SUSPICIOUS_MOVE = YES;
				CLANG_WARN_UNGUARDED_AVAILABILITY = YES_AGGRESSIVE;
				CLANG_WARN_UNREACHABLE_CODE = YES;
				CLANG_WARN__DUPLICATE_METHOD_MATCH = YES;
				COPY_PHASE_STRIP = NO;
				DEBUG_INFORMATION_FORMAT = "dwarf-with-dsym";
				ENABLE_NS_ASSERTIONS = NO;
				ENABLE_STRICT_OBJC_MSGSEND = YES;
				GCC_C_LANGUAGE_STANDARD = gnu11;
				GCC_NO_COMMON_BLOCKS = YES;
				GCC_WARN_64_TO_32_BIT_CONVERSION = YES;
				GCC_WARN_ABOUT_RETURN_TYPE = YES_ERROR;
				GCC_WARN_UNDECLARED_SELECTOR = YES;
				GCC_WARN_UNINITIALIZED_AUTOS = YES_AGGRESSIVE;
				GCC_WARN_UNUSED_FUNCTION = YES;
				GCC_WARN_UNUSED_VARIABLE = YES;
				IPHONEOS_DEPLOYMENT_TARGET = 16.4;
				MTL_ENABLE_DEBUG_INFO = NO;
				MTL_FAST_MATH = YES;
				SDKROOT = iphoneos;
				SWIFT_COMPILATION_MODE = wholemodule;
				SWIFT_OPTIMIZATION_LEVEL = "-O";
				VALIDATE_PRODUCT = YES;
			};
			name = Release;
		};
		A5C1EF052ACE802A00499793 /* Debug */ = {
			isa = XCBuildConfiguration;
			buildSettings = {
				ASSETCATALOG_COMPILER_APPICON_NAME = AppIcon;
				ASSETCATALOG_COMPILER_GLOBAL_ACCENT_COLOR_NAME = AccentColor;
				CODE_SIGN_STYLE = Automatic;
				CURRENT_PROJECT_VERSION = 1;
				GENERATE_INFOPLIST_FILE = YES;
				INFOPLIST_FILE = Cards/Info.plist;
				INFOPLIST_KEY_UIApplicationSupportsIndirectInputEvents = YES;
				INFOPLIST_KEY_UILaunchStoryboardName = LaunchScreen;
				INFOPLIST_KEY_UISupportedInterfaceOrientations = "UIInterfaceOrientationLandscapeLeft UIInterfaceOrientationLandscapeRight UIInterfaceOrientationPortrait";
				INFOPLIST_KEY_UISupportedInterfaceOrientations_iPad = "UIInterfaceOrientationLandscapeLeft UIInterfaceOrientationLandscapeRight UIInterfaceOrientationPortrait UIInterfaceOrientationPortraitUpsideDown";
				LD_RUNPATH_SEARCH_PATHS = (
					"$(inherited)",
					"@executable_path/Frameworks",
				);
				MARKETING_VERSION = 1.0;
				PRODUCT_BUNDLE_IDENTIFIER = ru.swiftme.Cards;
				PRODUCT_NAME = "$(TARGET_NAME)";
				SWIFT_EMIT_LOC_STRINGS = YES;
				SWIFT_VERSION = 5.0;
				TARGETED_DEVICE_FAMILY = "1,2";
			};
			name = Debug;
		};
		A5C1EF062ACE802A00499793 /* Release */ = {
			isa = XCBuildConfiguration;
			buildSettings = {
				ASSETCATALOG_COMPILER_APPICON_NAME = AppIcon;
				ASSETCATALOG_COMPILER_GLOBAL_ACCENT_COLOR_NAME = AccentColor;
				CODE_SIGN_STYLE = Automatic;
				CURRENT_PROJECT_VERSION = 1;
				GENERATE_INFOPLIST_FILE = YES;
				INFOPLIST_FILE = Cards/Info.plist;
				INFOPLIST_KEY_UIApplicationSupportsIndirectInputEvents = YES;
				INFOPLIST_KEY_UILaunchStoryboardName = LaunchScreen;
				INFOPLIST_KEY_UISupportedInterfaceOrientations = "UIInterfaceOrientationLandscapeLeft UIInterfaceOrientationLandscapeRight UIInterfaceOrientationPortrait";
				INFOPLIST_KEY_UISupportedInterfaceOrientations_iPad = "UIInterfaceOrientationLandscapeLeft UIInterfaceOrientationLandscapeRight UIInterfaceOrientationPortrait UIInterfaceOrientationPortraitUpsideDown";
				LD_RUNPATH_SEARCH_PATHS = (
					"$(inherited)",
					"@executable_path/Frameworks",
				);
				MARKETING_VERSION = 1.0;
				PRODUCT_BUNDLE_IDENTIFIER = ru.swiftme.Cards;
				PRODUCT_NAME = "$(TARGET_NAME)";
				SWIFT_EMIT_LOC_STRINGS = YES;
				SWIFT_VERSION = 5.0;
				TARGETED_DEVICE_FAMILY = "1,2";
			};
			name = Release;
		};
/* End XCBuildConfiguration section */

/* Begin XCConfigurationList section */
		A5C1EEEB2ACE802900499793 /* Build configuration list for PBXProject "Cards" */ = {
			isa = XCConfigurationList;
			buildConfigurations = (
				A5C1EF022ACE802A00499793 /* Debug */,
				A5C1EF032ACE802A00499793 /* Release */,
			);
			defaultConfigurationIsVisible = 0;
			defaultConfigurationName = Release;
		};
		A5C1EF042ACE802A00499793 /* Build configuration list for PBXNativeTarget "Cards" */ = {
			isa = XCConfigurationList;
			buildConfigurations = (
				A5C1EF052ACE802A00499793 /* Debug */,
				A5C1EF062ACE802A00499793 /* Release */,
			);
			defaultConfigurationIsVisible = 0;
			defaultConfigurationName = Release;
		};
/* End XCConfigurationList section */
	};
	rootObject = A5C1EEE82ACE802900499793 /* Project object */;
}
